// !$*UTF8*$!
{
	archiveVersion = 1;
	classes = {
	};
	objectVersion = 46;
	objects = {

/* Begin PBXBuildFile section */
		3D46F4FE1C6A3EF800F11DB6 /* Common.swift in Sources */ = {isa = PBXBuildFile; fileRef = 3D46F4FD1C6A3EF800F11DB6 /* Common.swift */; };
		3D46F5001C6A3F5F00F11DB6 /* IntroViewController.swift in Sources */ = {isa = PBXBuildFile; fileRef = 3D46F4FF1C6A3F5F00F11DB6 /* IntroViewController.swift */; };
		3D5A99641C6B857200BFA648 /* WelcomeViewController.swift in Sources */ = {isa = PBXBuildFile; fileRef = 3D5A99631C6B857200BFA648 /* WelcomeViewController.swift */; };
		3D5A99661C6B88A200BFA648 /* TimelineViewController.swift in Sources */ = {isa = PBXBuildFile; fileRef = 3D5A99651C6B88A200BFA648 /* TimelineViewController.swift */; };
		3D5A99681C6B8EF200BFA648 /* ConversationsViewController.swift in Sources */ = {isa = PBXBuildFile; fileRef = 3D5A99671C6B8EF200BFA648 /* ConversationsViewController.swift */; };
		3D5A996A1C6B8EFD00BFA648 /* SettingsViewController.swift in Sources */ = {isa = PBXBuildFile; fileRef = 3D5A99691C6B8EFD00BFA648 /* SettingsViewController.swift */; };
		3D5A996C1C6B999000BFA648 /* SignupViewController.swift in Sources */ = {isa = PBXBuildFile; fileRef = 3D5A996B1C6B999000BFA648 /* SignupViewController.swift */; };
		3D8051C51C69D5B4007349F1 /* AppDelegate.swift in Sources */ = {isa = PBXBuildFile; fileRef = 3D8051C41C69D5B4007349F1 /* AppDelegate.swift */; };
		3D8051C71C69D5B4007349F1 /* ViewController.swift in Sources */ = {isa = PBXBuildFile; fileRef = 3D8051C61C69D5B4007349F1 /* ViewController.swift */; };
		3D8051CA1C69D5B4007349F1 /* Main.storyboard in Resources */ = {isa = PBXBuildFile; fileRef = 3D8051C81C69D5B4007349F1 /* Main.storyboard */; };
		3D8051CF1C69D5B4007349F1 /* LaunchScreen.storyboard in Resources */ = {isa = PBXBuildFile; fileRef = 3D8051CD1C69D5B4007349F1 /* LaunchScreen.storyboard */; };
		3D8051DA1C69D5B4007349F1 /* WeekTwoTests.swift in Sources */ = {isa = PBXBuildFile; fileRef = 3D8051D91C69D5B4007349F1 /* WeekTwoTests.swift */; };
		3D8051E51C69D5B4007349F1 /* WeekTwoUITests.swift in Sources */ = {isa = PBXBuildFile; fileRef = 3D8051E41C69D5B4007349F1 /* WeekTwoUITests.swift */; };
		3DEF5FB41C6A4E8B009CFAF1 /* Assets.xcassets in Resources */ = {isa = PBXBuildFile; fileRef = 3DEF5FB31C6A4E8B009CFAF1 /* Assets.xcassets */; };
		3DEF5FB61C6ACAA3009CFAF1 /* LoginViewController.swift in Sources */ = {isa = PBXBuildFile; fileRef = 3DEF5FB51C6ACAA3009CFAF1 /* LoginViewController.swift */; };
/* End PBXBuildFile section */

/* Begin PBXContainerItemProxy section */
		3D8051D61C69D5B4007349F1 /* PBXContainerItemProxy */ = {
			isa = PBXContainerItemProxy;
			containerPortal = 3D8051B91C69D5B4007349F1 /* Project object */;
			proxyType = 1;
			remoteGlobalIDString = 3D8051C01C69D5B4007349F1;
			remoteInfo = WeekTwo;
		};
		3D8051E11C69D5B4007349F1 /* PBXContainerItemProxy */ = {
			isa = PBXContainerItemProxy;
			containerPortal = 3D8051B91C69D5B4007349F1 /* Project object */;
			proxyType = 1;
			remoteGlobalIDString = 3D8051C01C69D5B4007349F1;
			remoteInfo = WeekTwo;
		};
/* End PBXContainerItemProxy section */

/* Begin PBXFileReference section */
		3D46F4FD1C6A3EF800F11DB6 /* Common.swift */ = {isa = PBXFileReference; fileEncoding = 4; lastKnownFileType = sourcecode.swift; path = Common.swift; sourceTree = "<group>"; };
		3D46F4FF1C6A3F5F00F11DB6 /* IntroViewController.swift */ = {isa = PBXFileReference; fileEncoding = 4; lastKnownFileType = sourcecode.swift; path = IntroViewController.swift; sourceTree = "<group>"; };
		3D5A99631C6B857200BFA648 /* WelcomeViewController.swift */ = {isa = PBXFileReference; fileEncoding = 4; lastKnownFileType = sourcecode.swift; path = WelcomeViewController.swift; sourceTree = "<group>"; };
		3D5A99651C6B88A200BFA648 /* TimelineViewController.swift */ = {isa = PBXFileReference; fileEncoding = 4; lastKnownFileType = sourcecode.swift; path = TimelineViewController.swift; sourceTree = "<group>"; };
		3D5A99671C6B8EF200BFA648 /* ConversationsViewController.swift */ = {isa = PBXFileReference; fileEncoding = 4; lastKnownFileType = sourcecode.swift; path = ConversationsViewController.swift; sourceTree = "<group>"; };
		3D5A99691C6B8EFD00BFA648 /* SettingsViewController.swift */ = {isa = PBXFileReference; fileEncoding = 4; lastKnownFileType = sourcecode.swift; path = SettingsViewController.swift; sourceTree = "<group>"; };
		3D5A996B1C6B999000BFA648 /* SignupViewController.swift */ = {isa = PBXFileReference; fileEncoding = 4; lastKnownFileType = sourcecode.swift; path = SignupViewController.swift; sourceTree = "<group>"; };
		3D8051C11C69D5B4007349F1 /* WeekTwo.app */ = {isa = PBXFileReference; explicitFileType = wrapper.application; includeInIndex = 0; path = WeekTwo.app; sourceTree = BUILT_PRODUCTS_DIR; };
		3D8051C41C69D5B4007349F1 /* AppDelegate.swift */ = {isa = PBXFileReference; lastKnownFileType = sourcecode.swift; path = AppDelegate.swift; sourceTree = "<group>"; };
		3D8051C61C69D5B4007349F1 /* ViewController.swift */ = {isa = PBXFileReference; lastKnownFileType = sourcecode.swift; path = ViewController.swift; sourceTree = "<group>"; };
		3D8051C91C69D5B4007349F1 /* Base */ = {isa = PBXFileReference; lastKnownFileType = file.storyboard; name = Base; path = Base.lproj/Main.storyboard; sourceTree = "<group>"; };
		3D8051CE1C69D5B4007349F1 /* Base */ = {isa = PBXFileReference; lastKnownFileType = file.storyboard; name = Base; path = Base.lproj/LaunchScreen.storyboard; sourceTree = "<group>"; };
		3D8051D01C69D5B4007349F1 /* Info.plist */ = {isa = PBXFileReference; lastKnownFileType = text.plist.xml; path = Info.plist; sourceTree = "<group>"; };
		3D8051D51C69D5B4007349F1 /* WeekTwoTests.xctest */ = {isa = PBXFileReference; explicitFileType = wrapper.cfbundle; includeInIndex = 0; path = WeekTwoTests.xctest; sourceTree = BUILT_PRODUCTS_DIR; };
		3D8051D91C69D5B4007349F1 /* WeekTwoTests.swift */ = {isa = PBXFileReference; lastKnownFileType = sourcecode.swift; path = WeekTwoTests.swift; sourceTree = "<group>"; };
		3D8051DB1C69D5B4007349F1 /* Info.plist */ = {isa = PBXFileReference; lastKnownFileType = text.plist.xml; path = Info.plist; sourceTree = "<group>"; };
		3D8051E01C69D5B4007349F1 /* WeekTwoUITests.xctest */ = {isa = PBXFileReference; explicitFileType = wrapper.cfbundle; includeInIndex = 0; path = WeekTwoUITests.xctest; sourceTree = BUILT_PRODUCTS_DIR; };
		3D8051E41C69D5B4007349F1 /* WeekTwoUITests.swift */ = {isa = PBXFileReference; lastKnownFileType = sourcecode.swift; path = WeekTwoUITests.swift; sourceTree = "<group>"; };
		3D8051E61C69D5B4007349F1 /* Info.plist */ = {isa = PBXFileReference; lastKnownFileType = text.plist.xml; path = Info.plist; sourceTree = "<group>"; };
		3DEF5FB31C6A4E8B009CFAF1 /* Assets.xcassets */ = {isa = PBXFileReference; lastKnownFileType = folder.assetcatalog; path = Assets.xcassets; sourceTree = "<group>"; };
		3DEF5FB51C6ACAA3009CFAF1 /* LoginViewController.swift */ = {isa = PBXFileReference; fileEncoding = 4; lastKnownFileType = sourcecode.swift; path = LoginViewController.swift; sourceTree = "<group>"; };
/* End PBXFileReference section */

/* Begin PBXFrameworksBuildPhase section */
		3D8051BE1C69D5B4007349F1 /* Frameworks */ = {
			isa = PBXFrameworksBuildPhase;
			buildActionMask = 2147483647;
			files = (
			);
			runOnlyForDeploymentPostprocessing = 0;
		};
		3D8051D21C69D5B4007349F1 /* Frameworks */ = {
			isa = PBXFrameworksBuildPhase;
			buildActionMask = 2147483647;
			files = (
			);
			runOnlyForDeploymentPostprocessing = 0;
		};
		3D8051DD1C69D5B4007349F1 /* Frameworks */ = {
			isa = PBXFrameworksBuildPhase;
			buildActionMask = 2147483647;
			files = (
			);
			runOnlyForDeploymentPostprocessing = 0;
		};
/* End PBXFrameworksBuildPhase section */

/* Begin PBXGroup section */
		3D8051B81C69D5B4007349F1 = {
			isa = PBXGroup;
			children = (
				3D8051C31C69D5B4007349F1 /* WeekTwo */,
				3D8051D81C69D5B4007349F1 /* WeekTwoTests */,
				3D8051E31C69D5B4007349F1 /* WeekTwoUITests */,
				3D8051C21C69D5B4007349F1 /* Products */,
			);
			sourceTree = "<group>";
		};
		3D8051C21C69D5B4007349F1 /* Products */ = {
			isa = PBXGroup;
			children = (
				3D8051C11C69D5B4007349F1 /* WeekTwo.app */,
				3D8051D51C69D5B4007349F1 /* WeekTwoTests.xctest */,
				3D8051E01C69D5B4007349F1 /* WeekTwoUITests.xctest */,
			);
			name = Products;
			sourceTree = "<group>";
		};
		3D8051C31C69D5B4007349F1 /* WeekTwo */ = {
			isa = PBXGroup;
			children = (
				3DEF5FB31C6A4E8B009CFAF1 /* Assets.xcassets */,
				3D46F4FD1C6A3EF800F11DB6 /* Common.swift */,
				3D8051C41C69D5B4007349F1 /* AppDelegate.swift */,
				3D8051C61C69D5B4007349F1 /* ViewController.swift */,
				3D8051C81C69D5B4007349F1 /* Main.storyboard */,
				3D5A996B1C6B999000BFA648 /* SignupViewController.swift */,
				3D5A99671C6B8EF200BFA648 /* ConversationsViewController.swift */,
				3D5A99691C6B8EFD00BFA648 /* SettingsViewController.swift */,
				3D5A99651C6B88A200BFA648 /* TimelineViewController.swift */,
				3D5A99631C6B857200BFA648 /* WelcomeViewController.swift */,
				3DEF5FB51C6ACAA3009CFAF1 /* LoginViewController.swift */,
				3D46F4FF1C6A3F5F00F11DB6 /* IntroViewController.swift */,
				3D8051CD1C69D5B4007349F1 /* LaunchScreen.storyboard */,
				3D8051D01C69D5B4007349F1 /* Info.plist */,
			);
			path = WeekTwo;
			sourceTree = "<group>";
		};
		3D8051D81C69D5B4007349F1 /* WeekTwoTests */ = {
			isa = PBXGroup;
			children = (
				3D8051D91C69D5B4007349F1 /* WeekTwoTests.swift */,
				3D8051DB1C69D5B4007349F1 /* Info.plist */,
			);
			path = WeekTwoTests;
			sourceTree = "<group>";
		};
		3D8051E31C69D5B4007349F1 /* WeekTwoUITests */ = {
			isa = PBXGroup;
			children = (
				3D8051E41C69D5B4007349F1 /* WeekTwoUITests.swift */,
				3D8051E61C69D5B4007349F1 /* Info.plist */,
			);
			path = WeekTwoUITests;
			sourceTree = "<group>";
		};
/* End PBXGroup section */

/* Begin PBXNativeTarget section */
		3D8051C01C69D5B4007349F1 /* WeekTwo */ = {
			isa = PBXNativeTarget;
			buildConfigurationList = 3D8051E91C69D5B4007349F1 /* Build configuration list for PBXNativeTarget "WeekTwo" */;
			buildPhases = (
				3D8051BD1C69D5B4007349F1 /* Sources */,
				3D8051BE1C69D5B4007349F1 /* Frameworks */,
				3D8051BF1C69D5B4007349F1 /* Resources */,
			);
			buildRules = (
			);
			dependencies = (
			);
			name = WeekTwo;
			productName = WeekTwo;
			productReference = 3D8051C11C69D5B4007349F1 /* WeekTwo.app */;
			productType = "com.apple.product-type.application";
		};
		3D8051D41C69D5B4007349F1 /* WeekTwoTests */ = {
			isa = PBXNativeTarget;
			buildConfigurationList = 3D8051EC1C69D5B4007349F1 /* Build configuration list for PBXNativeTarget "WeekTwoTests" */;
			buildPhases = (
				3D8051D11C69D5B4007349F1 /* Sources */,
				3D8051D21C69D5B4007349F1 /* Frameworks */,
				3D8051D31C69D5B4007349F1 /* Resources */,
			);
			buildRules = (
			);
			dependencies = (
				3D8051D71C69D5B4007349F1 /* PBXTargetDependency */,
			);
			name = WeekTwoTests;
			productName = WeekTwoTests;
			productReference = 3D8051D51C69D5B4007349F1 /* WeekTwoTests.xctest */;
			productType = "com.apple.product-type.bundle.unit-test";
		};
		3D8051DF1C69D5B4007349F1 /* WeekTwoUITests */ = {
			isa = PBXNativeTarget;
			buildConfigurationList = 3D8051EF1C69D5B4007349F1 /* Build configuration list for PBXNativeTarget "WeekTwoUITests" */;
			buildPhases = (
				3D8051DC1C69D5B4007349F1 /* Sources */,
				3D8051DD1C69D5B4007349F1 /* Frameworks */,
				3D8051DE1C69D5B4007349F1 /* Resources */,
			);
			buildRules = (
			);
			dependencies = (
				3D8051E21C69D5B4007349F1 /* PBXTargetDependency */,
			);
			name = WeekTwoUITests;
			productName = WeekTwoUITests;
			productReference = 3D8051E01C69D5B4007349F1 /* WeekTwoUITests.xctest */;
			productType = "com.apple.product-type.bundle.ui-testing";
		};
/* End PBXNativeTarget section */

/* Begin PBXProject section */
		3D8051B91C69D5B4007349F1 /* Project object */ = {
			isa = PBXProject;
			attributes = {
				LastSwiftUpdateCheck = 0720;
				LastUpgradeCheck = 0720;
				ORGANIZATIONNAME = "Jan Senderek";
				TargetAttributes = {
					3D8051C01C69D5B4007349F1 = {
						CreatedOnToolsVersion = 7.2.1;
					};
					3D8051D41C69D5B4007349F1 = {
						CreatedOnToolsVersion = 7.2.1;
						TestTargetID = 3D8051C01C69D5B4007349F1;
					};
					3D8051DF1C69D5B4007349F1 = {
						CreatedOnToolsVersion = 7.2.1;
						TestTargetID = 3D8051C01C69D5B4007349F1;
					};
				};
			};
			buildConfigurationList = 3D8051BC1C69D5B4007349F1 /* Build configuration list for PBXProject "WeekTwo" */;
			compatibilityVersion = "Xcode 3.2";
			developmentRegion = English;
			hasScannedForEncodings = 0;
			knownRegions = (
				en,
				Base,
			);
			mainGroup = 3D8051B81C69D5B4007349F1;
			productRefGroup = 3D8051C21C69D5B4007349F1 /* Products */;
			projectDirPath = "";
			projectRoot = "";
			targets = (
				3D8051C01C69D5B4007349F1 /* WeekTwo */,
				3D8051D41C69D5B4007349F1 /* WeekTwoTests */,
				3D8051DF1C69D5B4007349F1 /* WeekTwoUITests */,
			);
		};
/* End PBXProject section */

/* Begin PBXResourcesBuildPhase section */
		3D8051BF1C69D5B4007349F1 /* Resources */ = {
			isa = PBXResourcesBuildPhase;
			buildActionMask = 2147483647;
			files = (
				3D8051CF1C69D5B4007349F1 /* LaunchScreen.storyboard in Resources */,
				3DEF5FB41C6A4E8B009CFAF1 /* Assets.xcassets in Resources */,
				3D8051CA1C69D5B4007349F1 /* Main.storyboard in Resources */,
			);
			runOnlyForDeploymentPostprocessing = 0;
		};
		3D8051D31C69D5B4007349F1 /* Resources */ = {
			isa = PBXResourcesBuildPhase;
			buildActionMask = 2147483647;
			files = (
			);
			runOnlyForDeploymentPostprocessing = 0;
		};
		3D8051DE1C69D5B4007349F1 /* Resources */ = {
			isa = PBXResourcesBuildPhase;
			buildActionMask = 2147483647;
			files = (
			);
			runOnlyForDeploymentPostprocessing = 0;
		};
/* End PBXResourcesBuildPhase section */

/* Begin PBXSourcesBuildPhase section */
		3D8051BD1C69D5B4007349F1 /* Sources */ = {
			isa = PBXSourcesBuildPhase;
			buildActionMask = 2147483647;
			files = (
				3D8051C71C69D5B4007349F1 /* ViewController.swift in Sources */,
				3D46F4FE1C6A3EF800F11DB6 /* Common.swift in Sources */,
				3D5A996C1C6B999000BFA648 /* SignupViewController.swift in Sources */,
				3D8051C51C69D5B4007349F1 /* AppDelegate.swift in Sources */,
				3D5A99681C6B8EF200BFA648 /* ConversationsViewController.swift in Sources */,
				3D5A99641C6B857200BFA648 /* WelcomeViewController.swift in Sources */,
				3D5A99661C6B88A200BFA648 /* TimelineViewController.swift in Sources */,
				3DEF5FB61C6ACAA3009CFAF1 /* LoginViewController.swift in Sources */,
				3D46F5001C6A3F5F00F11DB6 /* IntroViewController.swift in Sources */,
				3D5A996A1C6B8EFD00BFA648 /* SettingsViewController.swift in Sources */,
			);
			runOnlyForDeploymentPostprocessing = 0;
		};
		3D8051D11C69D5B4007349F1 /* Sources */ = {
			isa = PBXSourcesBuildPhase;
			buildActionMask = 2147483647;
			files = (
				3D8051DA1C69D5B4007349F1 /* WeekTwoTests.swift in Sources */,
			);
			runOnlyForDeploymentPostprocessing = 0;
		};
		3D8051DC1C69D5B4007349F1 /* Sources */ = {
			isa = PBXSourcesBuildPhase;
			buildActionMask = 2147483647;
			files = (
				3D8051E51C69D5B4007349F1 /* WeekTwoUITests.swift in Sources */,
			);
			runOnlyForDeploymentPostprocessing = 0;
		};
/* End PBXSourcesBuildPhase section */

/* Begin PBXTargetDependency section */
		3D8051D71C69D5B4007349F1 /* PBXTargetDependency */ = {
			isa = PBXTargetDependency;
			target = 3D8051C01C69D5B4007349F1 /* WeekTwo */;
			targetProxy = 3D8051D61C69D5B4007349F1 /* PBXContainerItemProxy */;
		};
		3D8051E21C69D5B4007349F1 /* PBXTargetDependency */ = {
			isa = PBXTargetDependency;
			target = 3D8051C01C69D5B4007349F1 /* WeekTwo */;
			targetProxy = 3D8051E11C69D5B4007349F1 /* PBXContainerItemProxy */;
		};
/* End PBXTargetDependency section */

/* Begin PBXVariantGroup section */
		3D8051C81C69D5B4007349F1 /* Main.storyboard */ = {
			isa = PBXVariantGroup;
			children = (
				3D8051C91C69D5B4007349F1 /* Base */,
			);
			name = Main.storyboard;
			sourceTree = "<group>";
		};
		3D8051CD1C69D5B4007349F1 /* LaunchScreen.storyboard */ = {
			isa = PBXVariantGroup;
			children = (
				3D8051CE1C69D5B4007349F1 /* Base */,
			);
			name = LaunchScreen.storyboard;
			sourceTree = "<group>";
		};
/* End PBXVariantGroup section */

/* Begin XCBuildConfiguration section */
		3D8051E71C69D5B4007349F1 /* Debug */ = {
			isa = XCBuildConfiguration;
			buildSettings = {
				ALWAYS_SEARCH_USER_PATHS = NO;
				CLANG_CXX_LANGUAGE_STANDARD = "gnu++0x";
				CLANG_CXX_LIBRARY = "libc++";
				CLANG_ENABLE_MODULES = YES;
				CLANG_ENABLE_OBJC_ARC = YES;
				CLANG_WARN_BOOL_CONVERSION = YES;
				CLANG_WARN_CONSTANT_CONVERSION = YES;
				CLANG_WARN_DIRECT_OBJC_ISA_USAGE = YES_ERROR;
				CLANG_WARN_EMPTY_BODY = YES;
				CLANG_WARN_ENUM_CONVERSION = YES;
				CLANG_WARN_INT_CONVERSION = YES;
				CLANG_WARN_OBJC_ROOT_CLASS = YES_ERROR;
				CLANG_WARN_UNREACHABLE_CODE = YES;
				CLANG_WARN__DUPLICATE_METHOD_MATCH = YES;
				"CODE_SIGN_IDENTITY[sdk=iphoneos*]" = "iPhone Developer";
				COPY_PHASE_STRIP = NO;
				DEBUG_INFORMATION_FORMAT = dwarf;
				ENABLE_STRICT_OBJC_MSGSEND = YES;
				ENABLE_TESTABILITY = YES;
				GCC_C_LANGUAGE_STANDARD = gnu99;
				GCC_DYNAMIC_NO_PIC = NO;
				GCC_NO_COMMON_BLOCKS = YES;
				GCC_OPTIMIZATION_LEVEL = 0;
				GCC_PREPROCESSOR_DEFINITIONS = (
					"DEBUG=1",
					"$(inherited)",
				);
				GCC_WARN_64_TO_32_BIT_CONVERSION = YES;
				GCC_WARN_ABOUT_RETURN_TYPE = YES_ERROR;
				GCC_WARN_UNDECLARED_SELECTOR = YES;
				GCC_WARN_UNINITIALIZED_AUTOS = YES_AGGRESSIVE;
				GCC_WARN_UNUSED_FUNCTION = YES;
				GCC_WARN_UNUSED_VARIABLE = YES;
				IPHONEOS_DEPLOYMENT_TARGET = 9.2;
				MTL_ENABLE_DEBUG_INFO = YES;
				ONLY_ACTIVE_ARCH = YES;
				SDKROOT = iphoneos;
				SWIFT_OPTIMIZATION_LEVEL = "-Onone";
				TARGETED_DEVICE_FAMILY = "1,2";
			};
			name = Debug;
		};
		3D8051E81C69D5B4007349F1 /* Release */ = {
			isa = XCBuildConfiguration;
			buildSettings = {
				ALWAYS_SEARCH_USER_PATHS = NO;
				CLANG_CXX_LANGUAGE_STANDARD = "gnu++0x";
				CLANG_CXX_LIBRARY = "libc++";
				CLANG_ENABLE_MODULES = YES;
				CLANG_ENABLE_OBJC_ARC = YES;
				CLANG_WARN_BOOL_CONVERSION = YES;
				CLANG_WARN_CONSTANT_CONVERSION = YES;
				CLANG_WARN_DIRECT_OBJC_ISA_USAGE = YES_ERROR;
				CLANG_WARN_EMPTY_BODY = YES;
				CLANG_WARN_ENUM_CONVERSION = YES;
				CLANG_WARN_INT_CONVERSION = YES;
				CLANG_WARN_OBJC_ROOT_CLASS = YES_ERROR;
				CLANG_WARN_UNREACHABLE_CODE = YES;
				CLANG_WARN__DUPLICATE_METHOD_MATCH = YES;
				"CODE_SIGN_IDENTITY[sdk=iphoneos*]" = "iPhone Developer";
				COPY_PHASE_STRIP = NO;
				DEBUG_INFORMATION_FORMAT = "dwarf-with-dsym";
				ENABLE_NS_ASSERTIONS = NO;
				ENABLE_STRICT_OBJC_MSGSEND = YES;
				GCC_C_LANGUAGE_STANDARD = gnu99;
				GCC_NO_COMMON_BLOCKS = YES;
				GCC_WARN_64_TO_32_BIT_CONVERSION = YES;
				GCC_WARN_ABOUT_RETURN_TYPE = YES_ERROR;
				GCC_WARN_UNDECLARED_SELECTOR = YES;
				GCC_WARN_UNINITIALIZED_AUTOS = YES_AGGRESSIVE;
				GCC_WARN_UNUSED_FUNCTION = YES;
				GCC_WARN_UNUSED_VARIABLE = YES;
				IPHONEOS_DEPLOYMENT_TARGET = 9.2;
				MTL_ENABLE_DEBUG_INFO = NO;
				SDKROOT = iphoneos;
				TARGETED_DEVICE_FAMILY = "1,2";
				VALIDATE_PRODUCT = YES;
			};
			name = Release;
		};
		3D8051EA1C69D5B4007349F1 /* Debug */ = {
			isa = XCBuildConfiguration;
			buildSettings = {
				ASSETCATALOG_COMPILER_APPICON_NAME = AppIcon;
				INFOPLIST_FILE = WeekTwo/Info.plist;
				LD_RUNPATH_SEARCH_PATHS = "$(inherited) @executable_path/Frameworks";
				PRODUCT_BUNDLE_IDENTIFIER = com.moopoints.WeekTwo;
				PRODUCT_NAME = "$(TARGET_NAME)";
			};
			name = Debug;
		};
		3D8051EB1C69D5B4007349F1 /* Release */ = {
			isa = XCBuildConfiguration;
			buildSettings = {
				ASSETCATALOG_COMPILER_APPICON_NAME = AppIcon;
				INFOPLIST_FILE = WeekTwo/Info.plist;
				LD_RUNPATH_SEARCH_PATHS = "$(inherited) @executable_path/Frameworks";
				PRODUCT_BUNDLE_IDENTIFIER = com.moopoints.WeekTwo;
				PRODUCT_NAME = "$(TARGET_NAME)";
			};
			name = Release;
		};
		3D8051ED1C69D5B4007349F1 /* Debug */ = {
			isa = XCBuildConfiguration;
			buildSettings = {
				BUNDLE_LOADER = "$(TEST_HOST)";
				INFOPLIST_FILE = WeekTwoTests/Info.plist;
				LD_RUNPATH_SEARCH_PATHS = "$(inherited) @executable_path/Frameworks @loader_path/Frameworks";
				PRODUCT_BUNDLE_IDENTIFIER = com.moopoints.WeekTwoTests;
				PRODUCT_NAME = "$(TARGET_NAME)";
				TEST_HOST = "$(BUILT_PRODUCTS_DIR)/WeekTwo.app/WeekTwo";
			};
			name = Debug;
		};
		3D8051EE1C69D5B4007349F1 /* Release */ = {
			isa = XCBuildConfiguration;
			buildSettings = {
				BUNDLE_LOADER = "$(TEST_HOST)";
				INFOPLIST_FILE = WeekTwoTests/Info.plist;
				LD_RUNPATH_SEARCH_PATHS = "$(inherited) @executable_path/Frameworks @loader_path/Frameworks";
				PRODUCT_BUNDLE_IDENTIFIER = com.moopoints.WeekTwoTests;
				PRODUCT_NAME = "$(TARGET_NAME)";
				TEST_HOST = "$(BUILT_PRODUCTS_DIR)/WeekTwo.app/WeekTwo";
			};
			name = Release;
		};
		3D8051F01C69D5B4007349F1 /* Debug */ = {
			isa = XCBuildConfiguration;
			buildSettings = {
				INFOPLIST_FILE = WeekTwoUITests/Info.plist;
				LD_RUNPATH_SEARCH_PATHS = "$(inherited) @executable_path/Frameworks @loader_path/Frameworks";
				PRODUCT_BUNDLE_IDENTIFIER = com.moopoints.WeekTwoUITests;
				PRODUCT_NAME = "$(TARGET_NAME)";
				TEST_TARGET_NAME = WeekTwo;
				USES_XCTRUNNER = YES;
			};
			name = Debug;
		};
		3D8051F11C69D5B4007349F1 /* Release */ = {
			isa = XCBuildConfiguration;
			buildSettings = {
				INFOPLIST_FILE = WeekTwoUITests/Info.plist;
				LD_RUNPATH_SEARCH_PATHS = "$(inherited) @executable_path/Frameworks @loader_path/Frameworks";
				PRODUCT_BUNDLE_IDENTIFIER = com.moopoints.WeekTwoUITests;
				PRODUCT_NAME = "$(TARGET_NAME)";
				TEST_TARGET_NAME = WeekTwo;
				USES_XCTRUNNER = YES;
			};
			name = Release;
		};
/* End XCBuildConfiguration section */

/* Begin XCConfigurationList section */
		3D8051BC1C69D5B4007349F1 /* Build configuration list for PBXProject "WeekTwo" */ = {
			isa = XCConfigurationList;
			buildConfigurations = (
				3D8051E71C69D5B4007349F1 /* Debug */,
				3D8051E81C69D5B4007349F1 /* Release */,
			);
			defaultConfigurationIsVisible = 0;
			defaultConfigurationName = Release;
		};
		3D8051E91C69D5B4007349F1 /* Build configuration list for PBXNativeTarget "WeekTwo" */ = {
			isa = XCConfigurationList;
			buildConfigurations = (
				3D8051EA1C69D5B4007349F1 /* Debug */,
				3D8051EB1C69D5B4007349F1 /* Release */,
			);
			defaultConfigurationIsVisible = 0;
			defaultConfigurationName = Release;
		};
		3D8051EC1C69D5B4007349F1 /* Build configuration list for PBXNativeTarget "WeekTwoTests" */ = {
			isa = XCConfigurationList;
			buildConfigurations = (
				3D8051ED1C69D5B4007349F1 /* Debug */,
				3D8051EE1C69D5B4007349F1 /* Release */,
			);
			defaultConfigurationIsVisible = 0;
			defaultConfigurationName = Release;
		};
		3D8051EF1C69D5B4007349F1 /* Build configuration list for PBXNativeTarget "WeekTwoUITests" */ = {
			isa = XCConfigurationList;
			buildConfigurations = (
				3D8051F01C69D5B4007349F1 /* Debug */,
				3D8051F11C69D5B4007349F1 /* Release */,
			);
			defaultConfigurationIsVisible = 0;
			defaultConfigurationName = Release;
		};
/* End XCConfigurationList section */
	};
	rootObject = 3D8051B91C69D5B4007349F1 /* Project object */;
}
